
Microsoft Visual Studio Solution File, Format Version 12.00
# Visual Studio Version 17
VisualStudioVersion = 17.0.31903.59
MinimumVisualStudioVersion = 10.0.40219.1
Project("{FAE04EC0-301F-11D3-BF4B-00C04F79EFBC}") = "BZRModManager", "BZRModManager\BZRModManager.csproj", "{0495FB8D-B4F6-4A47-982C-F5640E8D0F51}"
EndProject
Project("{2150E333-8FDC-42A3-9474-1A3956D46DE8}") = "Deps", "Deps", "{983EBD9A-953E-4D86-9753-ADA1BDF89336}"
EndProject
Project("{2150E333-8FDC-42A3-9474-1A3956D46DE8}") = "SteamVent", "SteamVent", "{11444873-1FC2-4290-B082-1A7F6CB85B8C}"
EndProject
Project("{FAE04EC0-301F-11D3-BF4B-00C04F79EFBC}") = "SteamVent.Common", "Deps\SteamVent\SteamVent.Common\SteamVent.Common.csproj", "{F1096E3A-C50A-43A3-9A46-6112D4BBAE38}"
EndProject
Project("{FAE04EC0-301F-11D3-BF4B-00C04F79EFBC}") = "SteamVent.Bridge", "Deps\SteamVent\SteamVent.Bridge\SteamVent.Bridge.csproj", "{E2C4D6A8-9B3F-4F51-A7C2-5D8E0F1A2B3C}"
EndProject
Project("{FAE04EC0-301F-11D3-BF4B-00C04F79EFBC}") = "SteamVent", "Deps\SteamVent\SteamVent\SteamVent.csproj", "{B78BB558-69D0-4D28-991A-261903988D1A}"
EndProject
Project("{FAE04EC0-301F-11D3-BF4B-00C04F79EFBC}") = "SteamVent.SteamCmd", "Deps\SteamVent\SteamVent.SteamCmd\SteamVent.SteamCmd.csproj", "{852B5E00-2423-4D74-8AFF-B38248BA6B36}"
EndProject
Project("{FAE04EC0-301F-11D3-BF4B-00C04F79EFBC}") = "SteamVent.Tests", "Deps\SteamVent\SteamVent.Tests\SteamVent.Tests.csproj", "{F3A5B7C9-0C4E-4E62-B8D3-6E9F1A2B3C4D}"
EndProject
Project("{FAE04EC0-301F-11D3-BF4B-00C04F79EFBC}") = "SteamVent.SteamCmd.TestCli", "Deps\SteamVent\SteamVent.SteamCmd.TestCli\SteamVent.SteamCmd.TestCli.csproj", "{6E97347C-1698-4AB6-959C-869989BC96A7}"
EndProject
Project("{FAE04EC0-301F-11D3-BF4B-00C04F79EFBC}") = "SteamVentContextBridge", "Deps\SteamVent\SteamVentContextBridge\SteamVentContextBridge.csproj", "{A4B6C8D0-1D5F-4F73-C9E4-7F0A2B3C4D5E}"
EndProject
Global
	GlobalSection(SolutionConfigurationPlatforms) = preSolution
		Debug|Any CPU = Debug|Any CPU
		Release|Any CPU = Release|Any CPU
	EndGlobalSection
	GlobalSection(ProjectConfigurationPlatforms) = postSolution
		{0495FB8D-B4F6-4A47-982C-F5640E8D0F51}.Debug|Any CPU.ActiveCfg = Debug|Any CPU
		{0495FB8D-B4F6-4A47-982C-F5640E8D0F51}.Debug|Any CPU.Build.0 = Debug|Any CPU
		{0495FB8D-B4F6-4A47-982C-F5640E8D0F51}.Release|Any CPU.ActiveCfg = Release|Any CPU
		{0495FB8D-B4F6-4A47-982C-F5640E8D0F51}.Release|Any CPU.Build.0 = Release|Any CPU
		{F1096E3A-C50A-43A3-9A46-6112D4BBAE38}.Debug|Any CPU.ActiveCfg = Debug|Any CPU
		{F1096E3A-C50A-43A3-9A46-6112D4BBAE38}.Debug|Any CPU.Build.0 = Debug|Any CPU
		{F1096E3A-C50A-43A3-9A46-6112D4BBAE38}.Release|Any CPU.ActiveCfg = Release|Any CPU
		{F1096E3A-C50A-43A3-9A46-6112D4BBAE38}.Release|Any CPU.Build.0 = Release|Any CPU
		{E2C4D6A8-9B3F-4F51-A7C2-5D8E0F1A2B3C}.Debug|Any CPU.ActiveCfg = Debug|Any CPU
		{E2C4D6A8-9B3F-4F51-A7C2-5D8E0F1A2B3C}.Debug|Any CPU.Build.0 = Debug|Any CPU
		{E2C4D6A8-9B3F-4F51-A7C2-5D8E0F1A2B3C}.Release|Any CPU.ActiveCfg = Release|Any CPU
		{E2C4D6A8-9B3F-4F51-A7C2-5D8E0F1A2B3C}.Release|Any CPU.Build.0 = Release|Any CPU
		{B78BB558-69D0-4D28-991A-261903988D1A}.Debug|Any CPU.ActiveCfg = Debug|Any CPU
		{B78BB558-69D0-4D28-991A-261903988D1A}.Debug|Any CPU.Build.0 = Debug|Any CPU
		{B78BB558-69D0-4D28-991A-261903988D1A}.Release|Any CPU.ActiveCfg = Release|Any CPU
		{B78BB558-69D0-4D28-991A-261903988D1A}.Release|Any CPU.Build.0 = Release|Any CPU
		{852B5E00-2423-4D74-8AFF-B38248BA6B36}.Debug|Any CPU.ActiveCfg = Debug|Any CPU
		{852B5E00-2423-4D74-8AFF-B38248BA6B36}.Debug|Any CPU.Build.0 = Debug|Any CPU
		{852B5E00-2423-4D74-8AFF-B38248BA6B36}.Release|Any CPU.ActiveCfg = Release|Any CPU
		{852B5E00-2423-4D74-8AFF-B38248BA6B36}.Release|Any CPU.Build.0 = Release|Any CPU
		{F3A5B7C9-0C4E-4E62-B8D3-6E9F1A2B3C4D}.Debug|Any CPU.ActiveCfg = Debug|Any CPU
		{F3A5B7C9-0C4E-4E62-B8D3-6E9F1A2B3C4D}.Debug|Any CPU.Build.0 = Debug|Any CPU
		{F3A5B7C9-0C4E-4E62-B8D3-6E9F1A2B3C4D}.Release|Any CPU.ActiveCfg = Release|Any CPU
		{F3A5B7C9-0C4E-4E62-B8D3-6E9F1A2B3C4D}.Release|Any CPU.Build.0 = Release|Any CPU
		{6E97347C-1698-4AB6-959C-869989BC96A7}.Debug|Any CPU.ActiveCfg = Debug|Any CPU
		{6E97347C-1698-4AB6-959C-869989BC96A7}.Debug|Any CPU.Build.0 = Debug|Any CPU
		{6E97347C-1698-4AB6-959C-869989BC96A7}.Release|Any CPU.ActiveCfg = Release|Any CPU
		{6E97347C-1698-4AB6-959C-869989BC96A7}.Release|Any CPU.Build.0 = Release|Any CPU
		{A4B6C8D0-1D5F-4F73-C9E4-7F0A2B3C4D5E}.Debug|Any CPU.ActiveCfg = Debug|Any CPU
		{A4B6C8D0-1D5F-4F73-C9E4-7F0A2B3C4D5E}.Debug|Any CPU.Build.0 = Debug|Any CPU
		{A4B6C8D0-1D5F-4F73-C9E4-7F0A2B3C4D5E}.Release|Any CPU.ActiveCfg = Release|Any CPU
		{A4B6C8D0-1D5F-4F73-C9E4-7F0A2B3C4D5E}.Release|Any CPU.Build.0 = Release|Any CPU
	EndGlobalSection
	GlobalSection(SolutionProperties) = preSolution
		HideSolutionNode = FALSE
	EndGlobalSection
	GlobalSection(NestedProjects) = preSolution
		{11444873-1FC2-4290-B082-1A7F6CB85B8C} = {983EBD9A-953E-4D86-9753-ADA1BDF89336}
		{F1096E3A-C50A-43A3-9A46-6112D4BBAE38} = {11444873-1FC2-4290-B082-1A7F6CB85B8C}
		{E2C4D6A8-9B3F-4F51-A7C2-5D8E0F1A2B3C} = {11444873-1FC2-4290-B082-1A7F6CB85B8C}
		{B78BB558-69D0-4D28-991A-261903988D1A} = {11444873-1FC2-4290-B082-1A7F6CB85B8C}
		{852B5E00-2423-4D74-8AFF-B38248BA6B36} = {11444873-1FC2-4290-B082-1A7F6CB85B8C}
		{F3A5B7C9-0C4E-4E62-B8D3-6E9F1A2B3C4D} = {11444873-1FC2-4290-B082-1A7F6CB85B8C}
		{6E97347C-1698-4AB6-959C-869989BC96A7} = {11444873-1FC2-4290-B082-1A7F6CB85B8C}
		{A4B6C8D0-1D5F-4F73-C9E4-7F0A2B3C4D5E} = {11444873-1FC2-4290-B082-1A7F6CB85B8C}
	EndGlobalSection
	GlobalSection(ExtensibilityGlobals) = postSolution
		SolutionGuid = {322D604F-AAB1-43EE-8D7A-C0BC7EC4C0B4}
	EndGlobalSection
EndGlobal
